
Microsoft Visual Studio Solution File, Format Version 12.00
# Visual Studio Version 16
VisualStudioVersion = 16.0.29503.13
MinimumVisualStudioVersion = 10.0.40219.1
Project("{FAE04EC0-301F-11D3-BF4B-00C04F79EFBC}") = "Secao9_ExFixacao", "Secao9_ExFixacao\Secao9_ExFixacao.csproj", "{93A06277-34A4-4FA6-9E22-77C0E4101B9F}"
EndProject
Global
	GlobalSection(SolutionConfigurationPlatforms) = preSolution
		Debug|Any CPU = Debug|Any CPU
		Release|Any CPU = Release|Any CPU
	EndGlobalSection
	GlobalSection(ProjectConfigurationPlatforms) = postSolution
		{93A06277-34A4-4FA6-9E22-77C0E4101B9F}.Debug|Any CPU.ActiveCfg = Debug|Any CPU
		{93A06277-34A4-4FA6-9E22-77C0E4101B9F}.Debug|Any CPU.Build.0 = Debug|Any CPU
		{93A06277-34A4-4FA6-9E22-77C0E4101B9F}.Release|Any CPU.ActiveCfg = Release|Any CPU
		{93A06277-34A4-4FA6-9E22-77C0E4101B9F}.Release|Any CPU.Build.0 = Release|Any CPU
	EndGlobalSection
	GlobalSection(SolutionProperties) = preSolution
		HideSolutionNode = FALSE
	EndGlobalSection
	GlobalSection(ExtensibilityGlobals) = postSolution
		SolutionGuid = {6591628B-AA71-43B9-BAE6-3BE26AD936A5}
	EndGlobalSection
EndGlobal
